
Microsoft Visual Studio Solution File, Format Version 12.00
# Visual Studio Version 16
VisualStudioVersion = 16.0.31205.134
MinimumVisualStudioVersion = 10.0.40219.1
Project("{FAE04EC0-301F-11D3-BF4B-00C04F79EFBC}") = "MandaditosExpress", "MandaditosExpress\MandaditosExpress.csproj", "{1FDEF364-DFAC-41B7-B2EA-2C2926DA972A}"
EndProject
Global
	GlobalSection(SolutionConfigurationPlatforms) = preSolution
		Debug|Any CPU = Debug|Any CPU
		Release|Any CPU = Release|Any CPU
	EndGlobalSection
	GlobalSection(ProjectConfigurationPlatforms) = postSolution
		{1FDEF364-DFAC-41B7-B2EA-2C2926DA972A}.Debug|Any CPU.ActiveCfg = Debug|Any CPU
		{1FDEF364-DFAC-41B7-B2EA-2C2926DA972A}.Debug|Any CPU.Build.0 = Debug|Any CPU
		{1FDEF364-DFAC-41B7-B2EA-2C2926DA972A}.Release|Any CPU.ActiveCfg = Release|Any CPU
		{1FDEF364-DFAC-41B7-B2EA-2C2926DA972A}.Release|Any CPU.Build.0 = Release|Any CPU
	EndGlobalSection
	GlobalSection(SolutionProperties) = preSolution
		HideSolutionNode = FALSE
	EndGlobalSection
	GlobalSection(ExtensibilityGlobals) = postSolution
		SolutionGuid = {3D54F6DF-A2FA-4B77-87E2-2E58F8A40067}
	EndGlobalSection
EndGlobal
